# This file is autogenerated, do not edit; changes may be undone by the next 'dep ensure'.


[[projects]]
  digest = "1:0a2a75a7b0d611bf7ecb4e5a0054242815dc27e857b4b9f8ec62225993fd11b7"
  name = "github.com/asaskevich/EventBus"
  packages = ["."]
  pruneopts = "UT"
  revision = "68a521d7cbbb7a859c2608b06342f384b3bd5f5a"

[[projects]]
  branch = "master"
  digest = "1:ab22b2b5fd522f9681419e26d950dec299f365b0f502b06eb3531eada159ef53"
  name = "github.com/mesge/go-guerrilla"
  packages = [
    ".",
    "backends",
    "backends/storage/redigo",
    "log",
    "mail",
    "mail/encoding",
    "mail/rfc5321",
    "mocks",
    "response",
    "tests",
    "tests/testcert",
  ]
  pruneopts = "UT"
  revision = "d48dee028492c16484a6bf639229026a38c7a6f1"

[[projects]]
  digest = "1:ec6f9bf5e274c833c911923c9193867f3f18788c461f76f05f62bb1510e0ae65"
  name = "github.com/go-sql-driver/mysql"
  packages = ["."]
  pruneopts = "UT"
  revision = "72cd26f257d44c1114970e19afddcd812016007e"
  version = "v1.4.1"

[[projects]]
  digest = "1:38ec74012390146c45af1f92d46e5382b50531247929ff3a685d2b2be65155ac"
  name = "github.com/gomodule/redigo"
  packages = [
    "internal",
    "redis",
  ]
  pruneopts = "UT"
  revision = "9c11da706d9b7902c6da69c592f75637793fe121"
  version = "v2.0.0"

[[projects]]
  digest = "1:870d441fe217b8e689d7949fef6e43efbc787e50f200cb1e70dbca9204a1d6be"
  name = "github.com/inconshreveable/mousetrap"
  packages = ["."]
  pruneopts = "UT"
  revision = "76626ae9c91c4f2a10f34cad8ce83ea42c93bb75"
  version = "v1.0"

[[projects]]
  digest = "1:d867dfa6751c8d7a435821ad3b736310c2ed68945d05b50fb9d23aee0540c8cc"
  name = "github.com/sirupsen/logrus"
  packages = ["."]
  pruneopts = "UT"
  revision = "3e01752db0189b9157070a0e1668a620f9a85da2"
  version = "v1.0.6"

[[projects]]
  digest = "1:e6c542cd4b337015154d0b9b0779973b9204feaa6ca3003075c72b6d9694a908"
  name = "github.com/spf13/cobra"
  packages = ["."]
  pruneopts = "UT"
  revision = "d2d81d9a96e23f0255397222bb0b4e3165e492dc"

[[projects]]
  branch = "master"
  digest = "1:0720090e4ff7cc4b8e359f8a82bc72130d60b49c3b7115d2b107ec64ec1c2f4a"
  name = "github.com/spf13/pflag"
  packages = ["."]
  pruneopts = "UT"
  revision = "24fa6976df40757dce6aea913e7b81ade90530e1"

[[projects]]
  digest = "1:38f553aff0273ad6f367cb0a0f8b6eecbaef8dc6cb8b50e57b6a81c1d5b1e332"
  name = "golang.org/x/crypto"
  packages = ["ssh/terminal"]
  pruneopts = "UT"
  revision = "505ab145d0a99da450461ae2c1a9f6cd10d1f447"

[[projects]]
  digest = "1:5193d913046443e59093d66a97a40c51f4a5ea4ceba60f3b3ecf89694de5d16f"
  name = "golang.org/x/net"
  packages = [
    "html",
    "html/atom",
    "html/charset",
  ]
  pruneopts = "UT"
  revision = "927f97764cc334a6575f4b7a1584a147864d5723"

[[projects]]
  digest = "1:ad7a8ea578273222bf5cfe0e98b76ac0fe3fc713d856edcae1f61118c01a20aa"
  name = "golang.org/x/sys"
  packages = [
    "unix",
    "windows",
  ]
  pruneopts = "UT"
  revision = "7dca6fe1f43775aa6d1334576870ff63f978f539"

[[projects]]
  digest = "1:e0ecf92722206929511338ca09d5385e2d85dcae78e083e148df10a19e0adea7"
  name = "golang.org/x/text"
  packages = [
    "encoding",
    "encoding/charmap",
    "encoding/htmlindex",
    "encoding/internal",
    "encoding/internal/identifier",
    "encoding/japanese",
    "encoding/korean",
    "encoding/simplifiedchinese",
    "encoding/traditionalchinese",
    "encoding/unicode",
    "internal/gen",
    "internal/language",
    "internal/language/compact",
    "internal/tag",
    "internal/utf8internal",
    "language",
    "runes",
    "transform",
    "unicode/cldr",
  ]
  pruneopts = "UT"
  revision = "17bcc049122f272a32787ba38073ee47433023e9"

[[projects]]
  digest = "1:c25289f43ac4a68d88b02245742347c94f1e108c534dda442188015ff80669b3"
  name = "google.golang.org/appengine"
  packages = ["cloudsql"]
  pruneopts = "UT"
  revision = "e9657d882bb81064595ca3b56cbe2546bbabf7b1"
  version = "v1.4.0"

[[projects]]
  digest = "1:6a8414c6457caa5db639b9f5c084a95b698f2b3cc011151a4b43224a1d8fe0f5"
  name = "gopkg.in/iconv.v1"
  packages = ["."]
  pruneopts = "UT"
  revision = "16a760eb7e186ae0e3aedda00d4a1daa4d0701d8"
  version = "v1.1.1"

[solve-meta]
  analyzer-name = "dep"
  analyzer-version = 1
  input-imports = [
    "github.com/asaskevich/EventBus",
    "github.com/mesge/go-guerrilla",
    "github.com/mesge/go-guerrilla/backends",
    "github.com/mesge/go-guerrilla/backends/storage/redigo",
    "github.com/mesge/go-guerrilla/log",
    "github.com/mesge/go-guerrilla/mail",
    "github.com/mesge/go-guerrilla/mail/encoding",
    "github.com/mesge/go-guerrilla/mail/rfc5321",
    "github.com/mesge/go-guerrilla/mocks",
    "github.com/mesge/go-guerrilla/response",
    "github.com/mesge/go-guerrilla/tests",
    "github.com/mesge/go-guerrilla/tests/testcert",
    "github.com/go-sql-driver/mysql",
    "github.com/gomodule/redigo/redis",
    "github.com/sirupsen/logrus",
    "github.com/spf13/cobra",
    "golang.org/x/net/html/charset",
    "gopkg.in/iconv.v1",
  ]
  solver-name = "gps-cdcl"
  solver-version = 1
